// !$*UTF8*$!
{
	archiveVersion = 1;
	classes = {
	};
	objectVersion = 56;
	objects = {

/* Begin PBXBuildFile section */
		9DD6910C2D56D02300635A64 /* FirebaseAuth in Frameworks */ = {isa = PBXBuildFile; productRef = 9DD6910B2D56D02300635A64 /* FirebaseAuth */; };
		9DD6910E2D56D02300635A64 /* FirebaseDatabase in Frameworks */ = {isa = PBXBuildFile; productRef = 9DD6910D2D56D02300635A64 /* FirebaseDatabase */; };
		9DD691102D56D02300635A64 /* FirebaseFirestore in Frameworks */ = {isa = PBXBuildFile; productRef = 9DD6910F2D56D02300635A64 /* FirebaseFirestore */; };
		9DD691122D56D02300635A64 /* FirebaseMessaging in Frameworks */ = {isa = PBXBuildFile; productRef = 9DD691112D56D02300635A64 /* FirebaseMessaging */; };
		9DD691142D56D02300635A64 /* FirebaseStorage in Frameworks */ = {isa = PBXBuildFile; productRef = 9DD691132D56D02300635A64 /* FirebaseStorage */; };
		9DF9D78E2D4822B300AEAA82 /* Volunteer_Group22App.swift in Sources */ = {isa = PBXBuildFile; fileRef = 9DF9D78D2D4822B300AEAA82 /* Volunteer_Group22App.swift */; };
		9DF9D7902D4822B300AEAA82 /* ContentView.swift in Sources */ = {isa = PBXBuildFile; fileRef = 9DF9D78F2D4822B300AEAA82 /* ContentView.swift */; };
		9DF9D7922D4822B800AEAA82 /* Assets.xcassets in Resources */ = {isa = PBXBuildFile; fileRef = 9DF9D7912D4822B800AEAA82 /* Assets.xcassets */; };
		9DF9D7952D4822B800AEAA82 /* Preview Assets.xcassets in Resources */ = {isa = PBXBuildFile; fileRef = 9DF9D7942D4822B800AEAA82 /* Preview Assets.xcassets */; };
		9DF9D79F2D4822B800AEAA82 /* Volunteer_Group22Tests.swift in Sources */ = {isa = PBXBuildFile; fileRef = 9DF9D79E2D4822B800AEAA82 /* Volunteer_Group22Tests.swift */; };
		9DF9D7A92D4822B800AEAA82 /* Volunteer_Group22UITests.swift in Sources */ = {isa = PBXBuildFile; fileRef = 9DF9D7A82D4822B800AEAA82 /* Volunteer_Group22UITests.swift */; };
		9DF9D7AB2D4822B800AEAA82 /* Volunteer_Group22UITestsLaunchTests.swift in Sources */ = {isa = PBXBuildFile; fileRef = 9DF9D7AA2D4822B800AEAA82 /* Volunteer_Group22UITestsLaunchTests.swift */; };
		EB03A5592D6FB9D400E38D27 /* Events.swift in Sources */ = {isa = PBXBuildFile; fileRef = EB03A5582D6FB9D200E38D27 /* Events.swift */; };
		EB12720A2D484E17004F04B7 /* SignInView.swift in Sources */ = {isa = PBXBuildFile; fileRef = EB1272092D484E14004F04B7 /* SignInView.swift */; };
		EB12720C2D484E1F004F04B7 /* SignUpView.swift in Sources */ = {isa = PBXBuildFile; fileRef = EB12720B2D484E1C004F04B7 /* SignUpView.swift */; };
		EB12720E2D484E43004F04B7 /* AuthViewModel.swift in Sources */ = {isa = PBXBuildFile; fileRef = EB12720D2D484E3F004F04B7 /* AuthViewModel.swift */; };
		EB1B36B72D5D2EBF006AE2DF /* LaunchScreen.storyboard in Resources */ = {isa = PBXBuildFile; fileRef = EB1B36B62D5D2EBF006AE2DF /* LaunchScreen.storyboard */; };
		EB799EC12D6AD0B0002F540C /* User.swift in Sources */ = {isa = PBXBuildFile; fileRef = EB799EC02D6AD0AE002F540C /* User.swift */; };
		EB7A157B2D51624E009A3DED /* GoogleService-Info.plist in Resources */ = {isa = PBXBuildFile; fileRef = EB7A157A2D51624E009A3DED /* GoogleService-Info.plist */; };
		EB9623052D7BBADA00C3F5B2 /* NotificationManagerTests.swift in Sources */ = {isa = PBXBuildFile; fileRef = EB9623042D7BBAD100C3F5B2 /* NotificationManagerTests.swift */; };
		EB9623072D7BC3D700C3F5B2 /* AuthViewModelIntegrationTests.swift in Sources */ = {isa = PBXBuildFile; fileRef = EB9623062D7BC3CE00C3F5B2 /* AuthViewModelIntegrationTests.swift */; };
		EBC9088A2D5B09130015DAC3 /* NotificationManager.swift in Sources */ = {isa = PBXBuildFile; fileRef = EBC908892D5B09070015DAC3 /* NotificationManager.swift */; };
		EBF17FDC2D7A3AC800F08112 /* VolunteerHistory.swift in Sources */ = {isa = PBXBuildFile; fileRef = EBF17FDB2D7A3AC300F08112 /* VolunteerHistory.swift */; };
		EBF463782D52DAB7008BE921 /* ForgotPasswordView.swift in Sources */ = {isa = PBXBuildFile; fileRef = EBF463772D52DAB0008BE921 /* ForgotPasswordView.swift */; };
		EBF4637A2D52DB4A008BE921 /* AdminMainTabView.swift in Sources */ = {isa = PBXBuildFile; fileRef = EBF463792D52DB45008BE921 /* AdminMainTabView.swift */; };
		EBF4637C2D52DB56008BE921 /* VolunteerMainTabView.swift in Sources */ = {isa = PBXBuildFile; fileRef = EBF4637B2D52DB4F008BE921 /* VolunteerMainTabView.swift */; };
		EBF463802D52DBD7008BE921 /* VolunteerProfileSetupView.swift in Sources */ = {isa = PBXBuildFile; fileRef = EBF4637F2D52DBD1008BE921 /* VolunteerProfileSetupView.swift */; };
		EBF463842D52DC9E008BE921 /* VolunteerProfileEditView.swift in Sources */ = {isa = PBXBuildFile; fileRef = EBF463832D52DC98008BE921 /* VolunteerProfileEditView.swift */; };
		EBF463862D52DCAB008BE921 /* VolunteerHistoryView.swift in Sources */ = {isa = PBXBuildFile; fileRef = EBF463852D52DCA5008BE921 /* VolunteerHistoryView.swift */; };
		EBF463882D52DCB6008BE921 /* VolunteerEventSearchView.swift in Sources */ = {isa = PBXBuildFile; fileRef = EBF463872D52DCB1008BE921 /* VolunteerEventSearchView.swift */; };
		EBF4638A2D52DD7F008BE921 /* AdminProfileSetupView.swift in Sources */ = {isa = PBXBuildFile; fileRef = EBF463892D52DD79008BE921 /* AdminProfileSetupView.swift */; };
		EBF4638C2D52DDC4008BE921 /* AdminProfileEditView.swift in Sources */ = {isa = PBXBuildFile; fileRef = EBF4638B2D52DDC0008BE921 /* AdminProfileEditView.swift */; };
		EBF4638E2D52DE2E008BE921 /* AdminEventManagementView.swift in Sources */ = {isa = PBXBuildFile; fileRef = EBF4638D2D52DE24008BE921 /* AdminEventManagementView.swift */; };
		EBF463902D52DE3A008BE921 /* AdminCreateEventView.swift in Sources */ = {isa = PBXBuildFile; fileRef = EBF4638F2D52DE39008BE921 /* AdminCreateEventView.swift */; };
		EBF463922D52DE40008BE921 /* AdminEditEventView.swift in Sources */ = {isa = PBXBuildFile; fileRef = EBF463912D52DE40008BE921 /* AdminEditEventView.swift */; };
		EBF463942D52DE52008BE921 /* AdminVolunteerMatchView.swift in Sources */ = {isa = PBXBuildFile; fileRef = EBF463932D52DE50008BE921 /* AdminVolunteerMatchView.swift */; };
		EBF463962D52DE5A008BE921 /* AdminReportingView.swift in Sources */ = {isa = PBXBuildFile; fileRef = EBF463952D52DE59008BE921 /* AdminReportingView.swift */; };
		EBF463982D52E110008BE921 /* AdminDashboardView.swift in Sources */ = {isa = PBXBuildFile; fileRef = EBF463972D52E10B008BE921 /* AdminDashboardView.swift */; };
		EBF4639A2D52E2AC008BE921 /* VolunteerDashboardView.swift in Sources */ = {isa = PBXBuildFile; fileRef = EBF463992D52E2A4008BE921 /* VolunteerDashboardView.swift */; };
/* End PBXBuildFile section */

/* Begin PBXContainerItemProxy section */
		9DF9D79B2D4822B800AEAA82 /* PBXContainerItemProxy */ = {
			isa = PBXContainerItemProxy;
			containerPortal = 9DF9D7822D4822B200AEAA82 /* Project object */;
			proxyType = 1;
			remoteGlobalIDString = 9DF9D7892D4822B300AEAA82;
			remoteInfo = Volunteer_Group22;
		};
		9DF9D7A52D4822B800AEAA82 /* PBXContainerItemProxy */ = {
			isa = PBXContainerItemProxy;
			containerPortal = 9DF9D7822D4822B200AEAA82 /* Project object */;
			proxyType = 1;
			remoteGlobalIDString = 9DF9D7892D4822B300AEAA82;
			remoteInfo = Volunteer_Group22;
		};
/* End PBXContainerItemProxy section */

/* Begin PBXFileReference section */
		9DF9D78A2D4822B300AEAA82 /* Volunteer_Group22.app */ = {isa = PBXFileReference; explicitFileType = wrapper.application; includeInIndex = 0; path = Volunteer_Group22.app; sourceTree = BUILT_PRODUCTS_DIR; };
		9DF9D78D2D4822B300AEAA82 /* Volunteer_Group22App.swift */ = {isa = PBXFileReference; lastKnownFileType = sourcecode.swift; path = Volunteer_Group22App.swift; sourceTree = "<group>"; };
		9DF9D78F2D4822B300AEAA82 /* ContentView.swift */ = {isa = PBXFileReference; lastKnownFileType = sourcecode.swift; path = ContentView.swift; sourceTree = "<group>"; };
		9DF9D7912D4822B800AEAA82 /* Assets.xcassets */ = {isa = PBXFileReference; lastKnownFileType = folder.assetcatalog; path = Assets.xcassets; sourceTree = "<group>"; };
		9DF9D7942D4822B800AEAA82 /* Preview Assets.xcassets */ = {isa = PBXFileReference; lastKnownFileType = folder.assetcatalog; path = "Preview Assets.xcassets"; sourceTree = "<group>"; };
		9DF9D79A2D4822B800AEAA82 /* Volunteer_Group22Tests.xctest */ = {isa = PBXFileReference; explicitFileType = wrapper.cfbundle; includeInIndex = 0; path = Volunteer_Group22Tests.xctest; sourceTree = BUILT_PRODUCTS_DIR; };
		9DF9D79E2D4822B800AEAA82 /* Volunteer_Group22Tests.swift */ = {isa = PBXFileReference; lastKnownFileType = sourcecode.swift; path = Volunteer_Group22Tests.swift; sourceTree = "<group>"; };
		9DF9D7A42D4822B800AEAA82 /* Volunteer_Group22UITests.xctest */ = {isa = PBXFileReference; explicitFileType = wrapper.cfbundle; includeInIndex = 0; path = Volunteer_Group22UITests.xctest; sourceTree = BUILT_PRODUCTS_DIR; };
		9DF9D7A82D4822B800AEAA82 /* Volunteer_Group22UITests.swift */ = {isa = PBXFileReference; lastKnownFileType = sourcecode.swift; path = Volunteer_Group22UITests.swift; sourceTree = "<group>"; };
		9DF9D7AA2D4822B800AEAA82 /* Volunteer_Group22UITestsLaunchTests.swift */ = {isa = PBXFileReference; lastKnownFileType = sourcecode.swift; path = Volunteer_Group22UITestsLaunchTests.swift; sourceTree = "<group>"; };
		EB03A5582D6FB9D200E38D27 /* Events.swift */ = {isa = PBXFileReference; lastKnownFileType = sourcecode.swift; path = Events.swift; sourceTree = "<group>"; };
		EB1272092D484E14004F04B7 /* SignInView.swift */ = {isa = PBXFileReference; lastKnownFileType = sourcecode.swift; path = SignInView.swift; sourceTree = "<group>"; };
		EB12720B2D484E1C004F04B7 /* SignUpView.swift */ = {isa = PBXFileReference; lastKnownFileType = sourcecode.swift; path = SignUpView.swift; sourceTree = "<group>"; };
		EB12720D2D484E3F004F04B7 /* AuthViewModel.swift */ = {isa = PBXFileReference; lastKnownFileType = sourcecode.swift; path = AuthViewModel.swift; sourceTree = "<group>"; };
		EB1B36B62D5D2EBF006AE2DF /* LaunchScreen.storyboard */ = {isa = PBXFileReference; lastKnownFileType = file.storyboard; path = LaunchScreen.storyboard; sourceTree = "<group>"; };
		EB799EC02D6AD0AE002F540C /* User.swift */ = {isa = PBXFileReference; lastKnownFileType = sourcecode.swift; path = User.swift; sourceTree = "<group>"; };
		EB7A157A2D51624E009A3DED /* GoogleService-Info.plist */ = {isa = PBXFileReference; lastKnownFileType = text.plist.xml; path = "GoogleService-Info.plist"; sourceTree = "<group>"; };
		EB9623042D7BBAD100C3F5B2 /* NotificationManagerTests.swift */ = {isa = PBXFileReference; lastKnownFileType = sourcecode.swift; path = NotificationManagerTests.swift; sourceTree = "<group>"; };
		EB9623062D7BC3CE00C3F5B2 /* AuthViewModelIntegrationTests.swift */ = {isa = PBXFileReference; lastKnownFileType = sourcecode.swift; path = AuthViewModelIntegrationTests.swift; sourceTree = "<group>"; };
		EBC908892D5B09070015DAC3 /* NotificationManager.swift */ = {isa = PBXFileReference; lastKnownFileType = sourcecode.swift; path = NotificationManager.swift; sourceTree = "<group>"; };
		EBF17FDB2D7A3AC300F08112 /* VolunteerHistory.swift */ = {isa = PBXFileReference; lastKnownFileType = sourcecode.swift; path = VolunteerHistory.swift; sourceTree = "<group>"; };
		EBF463772D52DAB0008BE921 /* ForgotPasswordView.swift */ = {isa = PBXFileReference; lastKnownFileType = sourcecode.swift; path = ForgotPasswordView.swift; sourceTree = "<group>"; };
		EBF463792D52DB45008BE921 /* AdminMainTabView.swift */ = {isa = PBXFileReference; lastKnownFileType = sourcecode.swift; path = AdminMainTabView.swift; sourceTree = "<group>"; };
		EBF4637B2D52DB4F008BE921 /* VolunteerMainTabView.swift */ = {isa = PBXFileReference; lastKnownFileType = sourcecode.swift; path = VolunteerMainTabView.swift; sourceTree = "<group>"; };
		EBF4637F2D52DBD1008BE921 /* VolunteerProfileSetupView.swift */ = {isa = PBXFileReference; lastKnownFileType = sourcecode.swift; path = VolunteerProfileSetupView.swift; sourceTree = "<group>"; };
		EBF463832D52DC98008BE921 /* VolunteerProfileEditView.swift */ = {isa = PBXFileReference; lastKnownFileType = sourcecode.swift; path = VolunteerProfileEditView.swift; sourceTree = "<group>"; };
		EBF463852D52DCA5008BE921 /* VolunteerHistoryView.swift */ = {isa = PBXFileReference; lastKnownFileType = sourcecode.swift; path = VolunteerHistoryView.swift; sourceTree = "<group>"; };
		EBF463872D52DCB1008BE921 /* VolunteerEventSearchView.swift */ = {isa = PBXFileReference; lastKnownFileType = sourcecode.swift; path = VolunteerEventSearchView.swift; sourceTree = "<group>"; };
		EBF463892D52DD79008BE921 /* AdminProfileSetupView.swift */ = {isa = PBXFileReference; lastKnownFileType = sourcecode.swift; path = AdminProfileSetupView.swift; sourceTree = "<group>"; };
		EBF4638B2D52DDC0008BE921 /* AdminProfileEditView.swift */ = {isa = PBXFileReference; lastKnownFileType = sourcecode.swift; path = AdminProfileEditView.swift; sourceTree = "<group>"; };
		EBF4638D2D52DE24008BE921 /* AdminEventManagementView.swift */ = {isa = PBXFileReference; lastKnownFileType = sourcecode.swift; path = AdminEventManagementView.swift; sourceTree = "<group>"; };
		EBF4638F2D52DE39008BE921 /* AdminCreateEventView.swift */ = {isa = PBXFileReference; lastKnownFileType = sourcecode.swift; path = AdminCreateEventView.swift; sourceTree = "<group>"; };
		EBF463912D52DE40008BE921 /* AdminEditEventView.swift */ = {isa = PBXFileReference; lastKnownFileType = sourcecode.swift; path = AdminEditEventView.swift; sourceTree = "<group>"; };
		EBF463932D52DE50008BE921 /* AdminVolunteerMatchView.swift */ = {isa = PBXFileReference; lastKnownFileType = sourcecode.swift; path = AdminVolunteerMatchView.swift; sourceTree = "<group>"; };
		EBF463952D52DE59008BE921 /* AdminReportingView.swift */ = {isa = PBXFileReference; lastKnownFileType = sourcecode.swift; path = AdminReportingView.swift; sourceTree = "<group>"; };
		EBF463972D52E10B008BE921 /* AdminDashboardView.swift */ = {isa = PBXFileReference; lastKnownFileType = sourcecode.swift; path = AdminDashboardView.swift; sourceTree = "<group>"; };
		EBF463992D52E2A4008BE921 /* VolunteerDashboardView.swift */ = {isa = PBXFileReference; lastKnownFileType = sourcecode.swift; path = VolunteerDashboardView.swift; sourceTree = "<group>"; };
/* End PBXFileReference section */

/* Begin PBXFrameworksBuildPhase section */
		9DF9D7872D4822B300AEAA82 /* Frameworks */ = {
			isa = PBXFrameworksBuildPhase;
			buildActionMask = 2147483647;
			files = (
				9DD691122D56D02300635A64 /* FirebaseMessaging in Frameworks */,
				9DD6910E2D56D02300635A64 /* FirebaseDatabase in Frameworks */,
				9DD6910C2D56D02300635A64 /* FirebaseAuth in Frameworks */,
				9DD691142D56D02300635A64 /* FirebaseStorage in Frameworks */,
				9DD691102D56D02300635A64 /* FirebaseFirestore in Frameworks */,
			);
			runOnlyForDeploymentPostprocessing = 0;
		};
		9DF9D7972D4822B800AEAA82 /* Frameworks */ = {
			isa = PBXFrameworksBuildPhase;
			buildActionMask = 2147483647;
			files = (
			);
			runOnlyForDeploymentPostprocessing = 0;
		};
		9DF9D7A12D4822B800AEAA82 /* Frameworks */ = {
			isa = PBXFrameworksBuildPhase;
			buildActionMask = 2147483647;
			files = (
			);
			runOnlyForDeploymentPostprocessing = 0;
		};
/* End PBXFrameworksBuildPhase section */

/* Begin PBXGroup section */
		9DF9D7812D4822B200AEAA82 = {
			isa = PBXGroup;
			children = (
				EB1B36B62D5D2EBF006AE2DF /* LaunchScreen.storyboard */,
				9DF9D78C2D4822B300AEAA82 /* Volunteer_Group22 */,
				9DF9D79D2D4822B800AEAA82 /* Volunteer_Group22Tests */,
				9DF9D7A72D4822B800AEAA82 /* Volunteer_Group22UITests */,
				9DF9D78B2D4822B300AEAA82 /* Products */,
			);
			sourceTree = "<group>";
		};
		9DF9D78B2D4822B300AEAA82 /* Products */ = {
			isa = PBXGroup;
			children = (
				9DF9D78A2D4822B300AEAA82 /* Volunteer_Group22.app */,
				9DF9D79A2D4822B800AEAA82 /* Volunteer_Group22Tests.xctest */,
				9DF9D7A42D4822B800AEAA82 /* Volunteer_Group22UITests.xctest */,
			);
			name = Products;
			sourceTree = "<group>";
		};
		9DF9D78C2D4822B300AEAA82 /* Volunteer_Group22 */ = {
			isa = PBXGroup;
			children = (
				EBF4637E2D52DBC8008BE921 /* AdminViews */,
				EBF4637D2D52DBC0008BE921 /* VolunteerViews */,
				EBF463762D52DAA3008BE921 /* AuthViews */,
				EB1272062D484DFC004F04B7 /* ViewModels */,
				EB1272052D484DF5004F04B7 /* MainViews */,
				9DF9D78D2D4822B300AEAA82 /* Volunteer_Group22App.swift */,
				9DF9D7912D4822B800AEAA82 /* Assets.xcassets */,
				EB7A157A2D51624E009A3DED /* GoogleService-Info.plist */,
				9DF9D7932D4822B800AEAA82 /* Preview Content */,
			);
			path = Volunteer_Group22;
			sourceTree = "<group>";
		};
		9DF9D7932D4822B800AEAA82 /* Preview Content */ = {
			isa = PBXGroup;
			children = (
				9DF9D7942D4822B800AEAA82 /* Preview Assets.xcassets */,
			);
			path = "Preview Content";
			sourceTree = "<group>";
		};
		9DF9D79D2D4822B800AEAA82 /* Volunteer_Group22Tests */ = {
			isa = PBXGroup;
			children = (
				EB9623062D7BC3CE00C3F5B2 /* AuthViewModelIntegrationTests.swift */,
				EB9623042D7BBAD100C3F5B2 /* NotificationManagerTests.swift */,
				9DF9D79E2D4822B800AEAA82 /* Volunteer_Group22Tests.swift */,
			);
			path = Volunteer_Group22Tests;
			sourceTree = "<group>";
		};
		9DF9D7A72D4822B800AEAA82 /* Volunteer_Group22UITests */ = {
			isa = PBXGroup;
			children = (
				9DF9D7A82D4822B800AEAA82 /* Volunteer_Group22UITests.swift */,
				9DF9D7AA2D4822B800AEAA82 /* Volunteer_Group22UITestsLaunchTests.swift */,
			);
			path = Volunteer_Group22UITests;
			sourceTree = "<group>";
		};
		EB1272052D484DF5004F04B7 /* MainViews */ = {
			isa = PBXGroup;
			children = (
				9DF9D78F2D4822B300AEAA82 /* ContentView.swift */,
			);
			path = MainViews;
			sourceTree = "<group>";
		};
		EB1272062D484DFC004F04B7 /* ViewModels */ = {
			isa = PBXGroup;
			children = (
				EBF17FDB2D7A3AC300F08112 /* VolunteerHistory.swift */,
				EB03A5582D6FB9D200E38D27 /* Events.swift */,
				EB799EC02D6AD0AE002F540C /* User.swift */,
				EBC908892D5B09070015DAC3 /* NotificationManager.swift */,
				EB12720D2D484E3F004F04B7 /* AuthViewModel.swift */,
			);
			path = ViewModels;
			sourceTree = "<group>";
		};
		EBF463762D52DAA3008BE921 /* AuthViews */ = {
			isa = PBXGroup;
			children = (
				EBF463772D52DAB0008BE921 /* ForgotPasswordView.swift */,
				EB1272092D484E14004F04B7 /* SignInView.swift */,
				EB12720B2D484E1C004F04B7 /* SignUpView.swift */,
			);
			path = AuthViews;
			sourceTree = "<group>";
		};
		EBF4637D2D52DBC0008BE921 /* VolunteerViews */ = {
			isa = PBXGroup;
			children = (
				EBF4637B2D52DB4F008BE921 /* VolunteerMainTabView.swift */,
				EBF4637F2D52DBD1008BE921 /* VolunteerProfileSetupView.swift */,
				EBF463992D52E2A4008BE921 /* VolunteerDashboardView.swift */,
				EBF463832D52DC98008BE921 /* VolunteerProfileEditView.swift */,
				EBF463852D52DCA5008BE921 /* VolunteerHistoryView.swift */,
				EBF463872D52DCB1008BE921 /* VolunteerEventSearchView.swift */,
			);
			path = VolunteerViews;
			sourceTree = "<group>";
		};
		EBF4637E2D52DBC8008BE921 /* AdminViews */ = {
			isa = PBXGroup;
			children = (
				EBF463792D52DB45008BE921 /* AdminMainTabView.swift */,
				EBF463892D52DD79008BE921 /* AdminProfileSetupView.swift */,
				EBF463972D52E10B008BE921 /* AdminDashboardView.swift */,
				EBF4638B2D52DDC0008BE921 /* AdminProfileEditView.swift */,
				EBF4638D2D52DE24008BE921 /* AdminEventManagementView.swift */,
				EBF463912D52DE40008BE921 /* AdminEditEventView.swift */,
				EBF4638F2D52DE39008BE921 /* AdminCreateEventView.swift */,
				EBF463932D52DE50008BE921 /* AdminVolunteerMatchView.swift */,
				EBF463952D52DE59008BE921 /* AdminReportingView.swift */,
			);
			path = AdminViews;
			sourceTree = "<group>";
		};
/* End PBXGroup section */

/* Begin PBXNativeTarget section */
		9DF9D7892D4822B300AEAA82 /* Volunteer_Group22 */ = {
			isa = PBXNativeTarget;
			buildConfigurationList = 9DF9D7AE2D4822B800AEAA82 /* Build configuration list for PBXNativeTarget "Volunteer_Group22" */;
			buildPhases = (
				9DF9D7862D4822B300AEAA82 /* Sources */,
				9DF9D7872D4822B300AEAA82 /* Frameworks */,
				9DF9D7882D4822B300AEAA82 /* Resources */,
			);
			buildRules = (
			);
			dependencies = (
			);
			name = Volunteer_Group22;
			packageProductDependencies = (
				9DD6910B2D56D02300635A64 /* FirebaseAuth */,
				9DD6910D2D56D02300635A64 /* FirebaseDatabase */,
				9DD6910F2D56D02300635A64 /* FirebaseFirestore */,
				9DD691112D56D02300635A64 /* FirebaseMessaging */,
				9DD691132D56D02300635A64 /* FirebaseStorage */,
			);
			productName = Volunteer_Group22;
			productReference = 9DF9D78A2D4822B300AEAA82 /* Volunteer_Group22.app */;
			productType = "com.apple.product-type.application";
		};
		9DF9D7992D4822B800AEAA82 /* Volunteer_Group22Tests */ = {
			isa = PBXNativeTarget;
			buildConfigurationList = 9DF9D7B12D4822B800AEAA82 /* Build configuration list for PBXNativeTarget "Volunteer_Group22Tests" */;
			buildPhases = (
				9DF9D7962D4822B800AEAA82 /* Sources */,
				9DF9D7972D4822B800AEAA82 /* Frameworks */,
				9DF9D7982D4822B800AEAA82 /* Resources */,
			);
			buildRules = (
			);
			dependencies = (
				9DF9D79C2D4822B800AEAA82 /* PBXTargetDependency */,
			);
			name = Volunteer_Group22Tests;
			productName = Volunteer_Group22Tests;
			productReference = 9DF9D79A2D4822B800AEAA82 /* Volunteer_Group22Tests.xctest */;
			productType = "com.apple.product-type.bundle.unit-test";
		};
		9DF9D7A32D4822B800AEAA82 /* Volunteer_Group22UITests */ = {
			isa = PBXNativeTarget;
			buildConfigurationList = 9DF9D7B42D4822B800AEAA82 /* Build configuration list for PBXNativeTarget "Volunteer_Group22UITests" */;
			buildPhases = (
				9DF9D7A02D4822B800AEAA82 /* Sources */,
				9DF9D7A12D4822B800AEAA82 /* Frameworks */,
				9DF9D7A22D4822B800AEAA82 /* Resources */,
			);
			buildRules = (
			);
			dependencies = (
				9DF9D7A62D4822B800AEAA82 /* PBXTargetDependency */,
			);
			name = Volunteer_Group22UITests;
			productName = Volunteer_Group22UITests;
			productReference = 9DF9D7A42D4822B800AEAA82 /* Volunteer_Group22UITests.xctest */;
			productType = "com.apple.product-type.bundle.ui-testing";
		};
/* End PBXNativeTarget section */

/* Begin PBXProject section */
		9DF9D7822D4822B200AEAA82 /* Project object */ = {
			isa = PBXProject;
			attributes = {
				BuildIndependentTargetsInParallel = 1;
				LastSwiftUpdateCheck = 1420;
				LastUpgradeCheck = 1620;
				TargetAttributes = {
					9DF9D7892D4822B300AEAA82 = {
						CreatedOnToolsVersion = 14.2;
					};
					9DF9D7992D4822B800AEAA82 = {
						CreatedOnToolsVersion = 14.2;
						TestTargetID = 9DF9D7892D4822B300AEAA82;
					};
					9DF9D7A32D4822B800AEAA82 = {
						CreatedOnToolsVersion = 14.2;
						TestTargetID = 9DF9D7892D4822B300AEAA82;
					};
				};
			};
			buildConfigurationList = 9DF9D7852D4822B200AEAA82 /* Build configuration list for PBXProject "Volunteer_Group22" */;
			compatibilityVersion = "Xcode 14.0";
			developmentRegion = en;
			hasScannedForEncodings = 0;
			knownRegions = (
				en,
				Base,
			);
			mainGroup = 9DF9D7812D4822B200AEAA82;
			packageReferences = (
				9DD6910A2D56D02300635A64 /* XCRemoteSwiftPackageReference "firebase-ios-sdk" */,
			);
			productRefGroup = 9DF9D78B2D4822B300AEAA82 /* Products */;
			projectDirPath = "";
			projectRoot = "";
			targets = (
				9DF9D7892D4822B300AEAA82 /* Volunteer_Group22 */,
				9DF9D7992D4822B800AEAA82 /* Volunteer_Group22Tests */,
				9DF9D7A32D4822B800AEAA82 /* Volunteer_Group22UITests */,
			);
		};
/* End PBXProject section */

/* Begin PBXResourcesBuildPhase section */
		9DF9D7882D4822B300AEAA82 /* Resources */ = {
			isa = PBXResourcesBuildPhase;
			buildActionMask = 2147483647;
			files = (
				9DF9D7952D4822B800AEAA82 /* Preview Assets.xcassets in Resources */,
				EB1B36B72D5D2EBF006AE2DF /* LaunchScreen.storyboard in Resources */,
				9DF9D7922D4822B800AEAA82 /* Assets.xcassets in Resources */,
				EB7A157B2D51624E009A3DED /* GoogleService-Info.plist in Resources */,
			);
			runOnlyForDeploymentPostprocessing = 0;
		};
		9DF9D7982D4822B800AEAA82 /* Resources */ = {
			isa = PBXResourcesBuildPhase;
			buildActionMask = 2147483647;
			files = (
			);
			runOnlyForDeploymentPostprocessing = 0;
		};
		9DF9D7A22D4822B800AEAA82 /* Resources */ = {
			isa = PBXResourcesBuildPhase;
			buildActionMask = 2147483647;
			files = (
			);
			runOnlyForDeploymentPostprocessing = 0;
		};
/* End PBXResourcesBuildPhase section */

/* Begin PBXSourcesBuildPhase section */
		9DF9D7862D4822B300AEAA82 /* Sources */ = {
			isa = PBXSourcesBuildPhase;
			buildActionMask = 2147483647;
			files = (
				EBF4638E2D52DE2E008BE921 /* AdminEventManagementView.swift in Sources */,
				EBF463882D52DCB6008BE921 /* VolunteerEventSearchView.swift in Sources */,
				EBF463802D52DBD7008BE921 /* VolunteerProfileSetupView.swift in Sources */,
				EBF463982D52E110008BE921 /* AdminDashboardView.swift in Sources */,
				EBC9088A2D5B09130015DAC3 /* NotificationManager.swift in Sources */,
				EBF463922D52DE40008BE921 /* AdminEditEventView.swift in Sources */,
				EBF4637C2D52DB56008BE921 /* VolunteerMainTabView.swift in Sources */,
				EBF4637A2D52DB4A008BE921 /* AdminMainTabView.swift in Sources */,
				EB12720E2D484E43004F04B7 /* AuthViewModel.swift in Sources */,
				EBF4638A2D52DD7F008BE921 /* AdminProfileSetupView.swift in Sources */,
				EBF463782D52DAB7008BE921 /* ForgotPasswordView.swift in Sources */,
				EB12720C2D484E1F004F04B7 /* SignUpView.swift in Sources */,
				EB03A5592D6FB9D400E38D27 /* Events.swift in Sources */,
				EBF463862D52DCAB008BE921 /* VolunteerHistoryView.swift in Sources */,
				EB12720A2D484E17004F04B7 /* SignInView.swift in Sources */,
				EBF463962D52DE5A008BE921 /* AdminReportingView.swift in Sources */,
				EBF4638C2D52DDC4008BE921 /* AdminProfileEditView.swift in Sources */,
				EBF463842D52DC9E008BE921 /* VolunteerProfileEditView.swift in Sources */,
				9DF9D7902D4822B300AEAA82 /* ContentView.swift in Sources */,
				9DF9D78E2D4822B300AEAA82 /* Volunteer_Group22App.swift in Sources */,
				EBF4639A2D52E2AC008BE921 /* VolunteerDashboardView.swift in Sources */,
				EBF463902D52DE3A008BE921 /* AdminCreateEventView.swift in Sources */,
				EBF463942D52DE52008BE921 /* AdminVolunteerMatchView.swift in Sources */,
				EB799EC12D6AD0B0002F540C /* User.swift in Sources */,
				EBF17FDC2D7A3AC800F08112 /* VolunteerHistory.swift in Sources */,
			);
			runOnlyForDeploymentPostprocessing = 0;
		};
		9DF9D7962D4822B800AEAA82 /* Sources */ = {
			isa = PBXSourcesBuildPhase;
			buildActionMask = 2147483647;
			files = (
				EB9623072D7BC3D700C3F5B2 /* AuthViewModelIntegrationTests.swift in Sources */,
				9DF9D79F2D4822B800AEAA82 /* Volunteer_Group22Tests.swift in Sources */,
				EB9623052D7BBADA00C3F5B2 /* NotificationManagerTests.swift in Sources */,
			);
			runOnlyForDeploymentPostprocessing = 0;
		};
		9DF9D7A02D4822B800AEAA82 /* Sources */ = {
			isa = PBXSourcesBuildPhase;
			buildActionMask = 2147483647;
			files = (
				9DF9D7A92D4822B800AEAA82 /* Volunteer_Group22UITests.swift in Sources */,
				9DF9D7AB2D4822B800AEAA82 /* Volunteer_Group22UITestsLaunchTests.swift in Sources */,
			);
			runOnlyForDeploymentPostprocessing = 0;
		};
/* End PBXSourcesBuildPhase section */

/* Begin PBXTargetDependency section */
		9DF9D79C2D4822B800AEAA82 /* PBXTargetDependency */ = {
			isa = PBXTargetDependency;
			target = 9DF9D7892D4822B300AEAA82 /* Volunteer_Group22 */;
			targetProxy = 9DF9D79B2D4822B800AEAA82 /* PBXContainerItemProxy */;
		};
		9DF9D7A62D4822B800AEAA82 /* PBXTargetDependency */ = {
			isa = PBXTargetDependency;
			target = 9DF9D7892D4822B300AEAA82 /* Volunteer_Group22 */;
			targetProxy = 9DF9D7A52D4822B800AEAA82 /* PBXContainerItemProxy */;
		};
/* End PBXTargetDependency section */

/* Begin XCBuildConfiguration section */
		9DF9D7AC2D4822B800AEAA82 /* Debug */ = {
			isa = XCBuildConfiguration;
			buildSettings = {
				ALWAYS_SEARCH_USER_PATHS = NO;
				CLANG_ANALYZER_NONNULL = YES;
				CLANG_ANALYZER_NUMBER_OBJECT_CONVERSION = YES_AGGRESSIVE;
				CLANG_CXX_LANGUAGE_STANDARD = "gnu++20";
				CLANG_ENABLE_MODULES = YES;
				CLANG_ENABLE_OBJC_ARC = YES;
				CLANG_ENABLE_OBJC_WEAK = YES;
				CLANG_WARN_BLOCK_CAPTURE_AUTORELEASING = YES;
				CLANG_WARN_BOOL_CONVERSION = YES;
				CLANG_WARN_COMMA = YES;
				CLANG_WARN_CONSTANT_CONVERSION = YES;
				CLANG_WARN_DEPRECATED_OBJC_IMPLEMENTATIONS = YES;
				CLANG_WARN_DIRECT_OBJC_ISA_USAGE = YES_ERROR;
				CLANG_WARN_DOCUMENTATION_COMMENTS = YES;
				CLANG_WARN_EMPTY_BODY = YES;
				CLANG_WARN_ENUM_CONVERSION = YES;
				CLANG_WARN_INFINITE_RECURSION = YES;
				CLANG_WARN_INT_CONVERSION = YES;
				CLANG_WARN_NON_LITERAL_NULL_CONVERSION = YES;
				CLANG_WARN_OBJC_IMPLICIT_RETAIN_SELF = YES;
				CLANG_WARN_OBJC_LITERAL_CONVERSION = YES;
				CLANG_WARN_OBJC_ROOT_CLASS = YES_ERROR;
				CLANG_WARN_QUOTED_INCLUDE_IN_FRAMEWORK_HEADER = YES;
				CLANG_WARN_RANGE_LOOP_ANALYSIS = YES;
				CLANG_WARN_STRICT_PROTOTYPES = YES;
				CLANG_WARN_SUSPICIOUS_MOVE = YES;
				CLANG_WARN_UNGUARDED_AVAILABILITY = YES_AGGRESSIVE;
				CLANG_WARN_UNREACHABLE_CODE = YES;
				CLANG_WARN__DUPLICATE_METHOD_MATCH = YES;
				COPY_PHASE_STRIP = NO;
				DEBUG_INFORMATION_FORMAT = dwarf;
				ENABLE_STRICT_OBJC_MSGSEND = YES;
				ENABLE_TESTABILITY = YES;
				ENABLE_USER_SCRIPT_SANDBOXING = YES;
				GCC_C_LANGUAGE_STANDARD = gnu11;
				GCC_DYNAMIC_NO_PIC = NO;
				GCC_NO_COMMON_BLOCKS = YES;
				GCC_OPTIMIZATION_LEVEL = 0;
				GCC_PREPROCESSOR_DEFINITIONS = (
					"DEBUG=1",
					"$(inherited)",
				);
				GCC_WARN_64_TO_32_BIT_CONVERSION = YES;
				GCC_WARN_ABOUT_RETURN_TYPE = YES_ERROR;
				GCC_WARN_UNDECLARED_SELECTOR = YES;
				GCC_WARN_UNINITIALIZED_AUTOS = YES_AGGRESSIVE;
				GCC_WARN_UNUSED_FUNCTION = YES;
				GCC_WARN_UNUSED_VARIABLE = YES;
				IPHONEOS_DEPLOYMENT_TARGET = 16.2;
				MTL_ENABLE_DEBUG_INFO = INCLUDE_SOURCE;
				MTL_FAST_MATH = YES;
				ONLY_ACTIVE_ARCH = YES;
				SDKROOT = iphoneos;
				SWIFT_ACTIVE_COMPILATION_CONDITIONS = DEBUG;
				SWIFT_OPTIMIZATION_LEVEL = "-Onone";
			};
			name = Debug;
		};
		9DF9D7AD2D4822B800AEAA82 /* Release */ = {
			isa = XCBuildConfiguration;
			buildSettings = {
				ALWAYS_SEARCH_USER_PATHS = NO;
				CLANG_ANALYZER_NONNULL = YES;
				CLANG_ANALYZER_NUMBER_OBJECT_CONVERSION = YES_AGGRESSIVE;
				CLANG_CXX_LANGUAGE_STANDARD = "gnu++20";
				CLANG_ENABLE_MODULES = YES;
				CLANG_ENABLE_OBJC_ARC = YES;
				CLANG_ENABLE_OBJC_WEAK = YES;
				CLANG_WARN_BLOCK_CAPTURE_AUTORELEASING = YES;
				CLANG_WARN_BOOL_CONVERSION = YES;
				CLANG_WARN_COMMA = YES;
				CLANG_WARN_CONSTANT_CONVERSION = YES;
				CLANG_WARN_DEPRECATED_OBJC_IMPLEMENTATIONS = YES;
				CLANG_WARN_DIRECT_OBJC_ISA_USAGE = YES_ERROR;
				CLANG_WARN_DOCUMENTATION_COMMENTS = YES;
				CLANG_WARN_EMPTY_BODY = YES;
				CLANG_WARN_ENUM_CONVERSION = YES;
				CLANG_WARN_INFINITE_RECURSION = YES;
				CLANG_WARN_INT_CONVERSION = YES;
				CLANG_WARN_NON_LITERAL_NULL_CONVERSION = YES;
				CLANG_WARN_OBJC_IMPLICIT_RETAIN_SELF = YES;
				CLANG_WARN_OBJC_LITERAL_CONVERSION = YES;
				CLANG_WARN_OBJC_ROOT_CLASS = YES_ERROR;
				CLANG_WARN_QUOTED_INCLUDE_IN_FRAMEWORK_HEADER = YES;
				CLANG_WARN_RANGE_LOOP_ANALYSIS = YES;
				CLANG_WARN_STRICT_PROTOTYPES = YES;
				CLANG_WARN_SUSPICIOUS_MOVE = YES;
				CLANG_WARN_UNGUARDED_AVAILABILITY = YES_AGGRESSIVE;
				CLANG_WARN_UNREACHABLE_CODE = YES;
				CLANG_WARN__DUPLICATE_METHOD_MATCH = YES;
				COPY_PHASE_STRIP = NO;
				DEBUG_INFORMATION_FORMAT = "dwarf-with-dsym";
				ENABLE_NS_ASSERTIONS = NO;
				ENABLE_STRICT_OBJC_MSGSEND = YES;
				ENABLE_USER_SCRIPT_SANDBOXING = YES;
				GCC_C_LANGUAGE_STANDARD = gnu11;
				GCC_NO_COMMON_BLOCKS = YES;
				GCC_WARN_64_TO_32_BIT_CONVERSION = YES;
				GCC_WARN_ABOUT_RETURN_TYPE = YES_ERROR;
				GCC_WARN_UNDECLARED_SELECTOR = YES;
				GCC_WARN_UNINITIALIZED_AUTOS = YES_AGGRESSIVE;
				GCC_WARN_UNUSED_FUNCTION = YES;
				GCC_WARN_UNUSED_VARIABLE = YES;
				IPHONEOS_DEPLOYMENT_TARGET = 16.2;
				MTL_ENABLE_DEBUG_INFO = NO;
				MTL_FAST_MATH = YES;
				SDKROOT = iphoneos;
				SWIFT_COMPILATION_MODE = wholemodule;
				SWIFT_OPTIMIZATION_LEVEL = "-O";
				VALIDATE_PRODUCT = YES;
			};
			name = Release;
		};
		9DF9D7AF2D4822B800AEAA82 /* Debug */ = {
			isa = XCBuildConfiguration;
			buildSettings = {
				ASSETCATALOG_COMPILER_APPICON_NAME = AppIcon;
				ASSETCATALOG_COMPILER_GLOBAL_ACCENT_COLOR_NAME = AccentColor;
				CODE_SIGN_ENTITLEMENTS = Volunteer_Group22/Volunteer_Group22.entitlements;
				CODE_SIGN_STYLE = Automatic;
				CURRENT_PROJECT_VERSION = 1;
				DEVELOPMENT_ASSET_PATHS = "\"Volunteer_Group22/Preview Content\"";
				DEVELOPMENT_TEAM = H349G2ZH8B;
				ENABLE_PREVIEWS = YES;
				GENERATE_INFOPLIST_FILE = YES;
				INFOPLIST_FILE = "Volunteer-Group22-Info.plist";
				INFOPLIST_KEY_CFBundleDisplayName = Voluntiir;
				INFOPLIST_KEY_LSApplicationCategoryType = "public.app-category.social-networking";
				INFOPLIST_KEY_UIApplicationSceneManifest_Generation = YES;
				INFOPLIST_KEY_UIApplicationSupportsIndirectInputEvents = YES;
				INFOPLIST_KEY_UILaunchScreen_Generation = YES;
				INFOPLIST_KEY_UILaunchStoryboardName = LaunchScreen.storyboard;
				INFOPLIST_KEY_UISupportedInterfaceOrientations_iPad = "UIInterfaceOrientationPortrait UIInterfaceOrientationPortraitUpsideDown UIInterfaceOrientationLandscapeLeft UIInterfaceOrientationLandscapeRight";
				INFOPLIST_KEY_UISupportedInterfaceOrientations_iPhone = "UIInterfaceOrientationPortrait UIInterfaceOrientationLandscapeLeft UIInterfaceOrientationLandscapeRight";
				LD_RUNPATH_SEARCH_PATHS = (
					"$(inherited)",
					"@executable_path/Frameworks",
				);
				MARKETING_VERSION = 1.0;
				PRODUCT_BUNDLE_IDENTIFIER = "Group22.Volunteer-Group22";
				PRODUCT_NAME = "$(TARGET_NAME)";
				SWIFT_EMIT_LOC_STRINGS = YES;
				SWIFT_VERSION = 5.0;
				TARGETED_DEVICE_FAMILY = "1,2";
			};
			name = Debug;
		};
		9DF9D7B02D4822B800AEAA82 /* Release */ = {
			isa = XCBuildConfiguration;
			buildSettings = {
				ASSETCATALOG_COMPILER_APPICON_NAME = AppIcon;
				ASSETCATALOG_COMPILER_GLOBAL_ACCENT_COLOR_NAME = AccentColor;
				CODE_SIGN_ENTITLEMENTS = Volunteer_Group22/Volunteer_Group22.entitlements;
				CODE_SIGN_STYLE = Automatic;
				CURRENT_PROJECT_VERSION = 1;
				DEVELOPMENT_ASSET_PATHS = "\"Volunteer_Group22/Preview Content\"";
				DEVELOPMENT_TEAM = H349G2ZH8B;
				ENABLE_PREVIEWS = YES;
				GENERATE_INFOPLIST_FILE = YES;
				INFOPLIST_FILE = "Volunteer-Group22-Info.plist";
				INFOPLIST_KEY_CFBundleDisplayName = Voluntiir;
				INFOPLIST_KEY_LSApplicationCategoryType = "public.app-category.social-networking";
				INFOPLIST_KEY_UIApplicationSceneManifest_Generation = YES;
				INFOPLIST_KEY_UIApplicationSupportsIndirectInputEvents = YES;
				INFOPLIST_KEY_UILaunchScreen_Generation = YES;
				INFOPLIST_KEY_UILaunchStoryboardName = LaunchScreen.storyboard;
				INFOPLIST_KEY_UISupportedInterfaceOrientations_iPad = "UIInterfaceOrientationPortrait UIInterfaceOrientationPortraitUpsideDown UIInterfaceOrientationLandscapeLeft UIInterfaceOrientationLandscapeRight";
				INFOPLIST_KEY_UISupportedInterfaceOrientations_iPhone = "UIInterfaceOrientationPortrait UIInterfaceOrientationLandscapeLeft UIInterfaceOrientationLandscapeRight";
				LD_RUNPATH_SEARCH_PATHS = (
					"$(inherited)",
					"@executable_path/Frameworks",
				);
				MARKETING_VERSION = 1.0;
				PRODUCT_BUNDLE_IDENTIFIER = "Group22.Volunteer-Group22";
				PRODUCT_NAME = "$(TARGET_NAME)";
				SWIFT_EMIT_LOC_STRINGS = YES;
				SWIFT_VERSION = 5.0;
				TARGETED_DEVICE_FAMILY = "1,2";
			};
			name = Release;
		};
		9DF9D7B22D4822B800AEAA82 /* Debug */ = {
			isa = XCBuildConfiguration;
			buildSettings = {
				BUNDLE_LOADER = "$(TEST_HOST)";
				CODE_SIGN_STYLE = Automatic;
				CURRENT_PROJECT_VERSION = 1;
				DEVELOPMENT_TEAM = W9BKK57GSC;
				GENERATE_INFOPLIST_FILE = YES;
				IPHONEOS_DEPLOYMENT_TARGET = 16.2;
				MARKETING_VERSION = 1.0;
				PRODUCT_BUNDLE_IDENTIFIER = "Group22.Volunteer-Group22Tests";
				PRODUCT_NAME = "$(TARGET_NAME)";
				SWIFT_EMIT_LOC_STRINGS = NO;
				SWIFT_VERSION = 5.0;
				TARGETED_DEVICE_FAMILY = "1,2";
				TEST_HOST = "$(BUILT_PRODUCTS_DIR)/Volunteer_Group22.app/$(BUNDLE_EXECUTABLE_FOLDER_PATH)/Volunteer_Group22";
			};
			name = Debug;
		};
		9DF9D7B32D4822B800AEAA82 /* Release */ = {
			isa = XCBuildConfiguration;
			buildSettings = {
				BUNDLE_LOADER = "$(TEST_HOST)";
				CODE_SIGN_STYLE = Automatic;
				CURRENT_PROJECT_VERSION = 1;
				DEVELOPMENT_TEAM = W9BKK57GSC;
				GENERATE_INFOPLIST_FILE = YES;
				IPHONEOS_DEPLOYMENT_TARGET = 16.2;
				MARKETING_VERSION = 1.0;
				PRODUCT_BUNDLE_IDENTIFIER = "Group22.Volunteer-Group22Tests";
				PRODUCT_NAME = "$(TARGET_NAME)";
				SWIFT_EMIT_LOC_STRINGS = NO;
				SWIFT_VERSION = 5.0;
				TARGETED_DEVICE_FAMILY = "1,2";
				TEST_HOST = "$(BUILT_PRODUCTS_DIR)/Volunteer_Group22.app/$(BUNDLE_EXECUTABLE_FOLDER_PATH)/Volunteer_Group22";
			};
			name = Release;
		};
		9DF9D7B52D4822B800AEAA82 /* Debug */ = {
			isa = XCBuildConfiguration;
			buildSettings = {
				CODE_SIGN_STYLE = Automatic;
				CURRENT_PROJECT_VERSION = 1;
				DEVELOPMENT_TEAM = W9BKK57GSC;
				GENERATE_INFOPLIST_FILE = YES;
				MARKETING_VERSION = 1.0;
				PRODUCT_BUNDLE_IDENTIFIER = "Group22.Volunteer-Group22UITests";
				PRODUCT_NAME = "$(TARGET_NAME)";
				SWIFT_EMIT_LOC_STRINGS = NO;
				SWIFT_VERSION = 5.0;
				TARGETED_DEVICE_FAMILY = "1,2";
				TEST_TARGET_NAME = Volunteer_Group22;
			};
			name = Debug;
		};
		9DF9D7B62D4822B800AEAA82 /* Release */ = {
			isa = XCBuildConfiguration;
			buildSettings = {
				CODE_SIGN_STYLE = Automatic;
				CURRENT_PROJECT_VERSION = 1;
				DEVELOPMENT_TEAM = W9BKK57GSC;
				GENERATE_INFOPLIST_FILE = YES;
				MARKETING_VERSION = 1.0;
				PRODUCT_BUNDLE_IDENTIFIER = "Group22.Volunteer-Group22UITests";
				PRODUCT_NAME = "$(TARGET_NAME)";
				SWIFT_EMIT_LOC_STRINGS = NO;
				SWIFT_VERSION = 5.0;
				TARGETED_DEVICE_FAMILY = "1,2";
				TEST_TARGET_NAME = Volunteer_Group22;
			};
			name = Release;
		};
/* End XCBuildConfiguration section */

/* Begin XCConfigurationList section */
		9DF9D7852D4822B200AEAA82 /* Build configuration list for PBXProject "Volunteer_Group22" */ = {
			isa = XCConfigurationList;
			buildConfigurations = (
				9DF9D7AC2D4822B800AEAA82 /* Debug */,
				9DF9D7AD2D4822B800AEAA82 /* Release */,
			);
			defaultConfigurationIsVisible = 0;
			defaultConfigurationName = Release;
		};
		9DF9D7AE2D4822B800AEAA82 /* Build configuration list for PBXNativeTarget "Volunteer_Group22" */ = {
			isa = XCConfigurationList;
			buildConfigurations = (
				9DF9D7AF2D4822B800AEAA82 /* Debug */,
				9DF9D7B02D4822B800AEAA82 /* Release */,
			);
			defaultConfigurationIsVisible = 0;
			defaultConfigurationName = Release;
		};
		9DF9D7B12D4822B800AEAA82 /* Build configuration list for PBXNativeTarget "Volunteer_Group22Tests" */ = {
			isa = XCConfigurationList;
			buildConfigurations = (
				9DF9D7B22D4822B800AEAA82 /* Debug */,
				9DF9D7B32D4822B800AEAA82 /* Release */,
			);
			defaultConfigurationIsVisible = 0;
			defaultConfigurationName = Release;
		};
		9DF9D7B42D4822B800AEAA82 /* Build configuration list for PBXNativeTarget "Volunteer_Group22UITests" */ = {
			isa = XCConfigurationList;
			buildConfigurations = (
				9DF9D7B52D4822B800AEAA82 /* Debug */,
				9DF9D7B62D4822B800AEAA82 /* Release */,
			);
			defaultConfigurationIsVisible = 0;
			defaultConfigurationName = Release;
		};
/* End XCConfigurationList section */

/* Begin XCRemoteSwiftPackageReference section */
		9DD6910A2D56D02300635A64 /* XCRemoteSwiftPackageReference "firebase-ios-sdk" */ = {
			isa = XCRemoteSwiftPackageReference;
			repositoryURL = "https://github.com/firebase/firebase-ios-sdk";
			requirement = {
				kind = exactVersion;
				version = 10.0.0;
			};
		};
/* End XCRemoteSwiftPackageReference section */

/* Begin XCSwiftPackageProductDependency section */
		9DD6910B2D56D02300635A64 /* FirebaseAuth */ = {
			isa = XCSwiftPackageProductDependency;
			package = 9DD6910A2D56D02300635A64 /* XCRemoteSwiftPackageReference "firebase-ios-sdk" */;
			productName = FirebaseAuth;
		};
		9DD6910D2D56D02300635A64 /* FirebaseDatabase */ = {
			isa = XCSwiftPackageProductDependency;
			package = 9DD6910A2D56D02300635A64 /* XCRemoteSwiftPackageReference "firebase-ios-sdk" */;
			productName = FirebaseDatabase;
		};
		9DD6910F2D56D02300635A64 /* FirebaseFirestore */ = {
			isa = XCSwiftPackageProductDependency;
			package = 9DD6910A2D56D02300635A64 /* XCRemoteSwiftPackageReference "firebase-ios-sdk" */;
			productName = FirebaseFirestore;
		};
		9DD691112D56D02300635A64 /* FirebaseMessaging */ = {
			isa = XCSwiftPackageProductDependency;
			package = 9DD6910A2D56D02300635A64 /* XCRemoteSwiftPackageReference "firebase-ios-sdk" */;
			productName = FirebaseMessaging;
		};
		9DD691132D56D02300635A64 /* FirebaseStorage */ = {
			isa = XCSwiftPackageProductDependency;
			package = 9DD6910A2D56D02300635A64 /* XCRemoteSwiftPackageReference "firebase-ios-sdk" */;
			productName = FirebaseStorage;
		};
/* End XCSwiftPackageProductDependency section */
	};
	rootObject = 9DF9D7822D4822B200AEAA82 /* Project object */;
}
